
Microsoft Visual Studio Solution File, Format Version 12.00
# Visual Studio Version 17
VisualStudioVersion = 17.7.33808.371
MinimumVisualStudioVersion = 10.0.40219.1
Project("{9A19103F-16F7-4668-BE54-9A1E7A4F7556}") = "UserInterfaceService", "UserInterfaceService\UserInterfaceService.csproj", "{3726064D-42FD-40F6-A497-265AB32B354B}"
EndProject
Project("{A07B5EB6-E848-4116-A8D0-A826331D98C6}") = "ServiceFabricApplication", "ServiceFabricApplication\ServiceFabricApplication.sfproj", "{E614405B-FF57-46CD-B0EB-0F393E0A0D58}"
EndProject
Project("{FAE04EC0-301F-11D3-BF4B-00C04F79EFBC}") = "WorkBookExtractionService", "WorkBookExtractionService\WorkBookExtractionService.csproj", "{FB2C6E17-564D-43B1-945B-0F3BFEDFBE46}"
EndProject
Global
	GlobalSection(SolutionConfigurationPlatforms) = preSolution
		Debug|Any CPU = Debug|Any CPU
		Debug|x64 = Debug|x64
		Release|Any CPU = Release|Any CPU
		Release|x64 = Release|x64
	EndGlobalSection
	GlobalSection(ProjectConfigurationPlatforms) = postSolution
		{3726064D-42FD-40F6-A497-265AB32B354B}.Debug|Any CPU.ActiveCfg = Debug|Any CPU
		{3726064D-42FD-40F6-A497-265AB32B354B}.Debug|Any CPU.Build.0 = Debug|Any CPU
		{3726064D-42FD-40F6-A497-265AB32B354B}.Debug|x64.ActiveCfg = Debug|Any CPU
		{3726064D-42FD-40F6-A497-265AB32B354B}.Debug|x64.Build.0 = Debug|Any CPU
		{3726064D-42FD-40F6-A497-265AB32B354B}.Release|Any CPU.ActiveCfg = Release|Any CPU
		{3726064D-42FD-40F6-A497-265AB32B354B}.Release|Any CPU.Build.0 = Release|Any CPU
		{3726064D-42FD-40F6-A497-265AB32B354B}.Release|x64.ActiveCfg = Release|Any CPU
		{3726064D-42FD-40F6-A497-265AB32B354B}.Release|x64.Build.0 = Release|Any CPU
		{E614405B-FF57-46CD-B0EB-0F393E0A0D58}.Debug|Any CPU.ActiveCfg = Debug|x64
		{E614405B-FF57-46CD-B0EB-0F393E0A0D58}.Debug|Any CPU.Build.0 = Debug|x64
		{E614405B-FF57-46CD-B0EB-0F393E0A0D58}.Debug|Any CPU.Deploy.0 = Debug|x64
		{E614405B-FF57-46CD-B0EB-0F393E0A0D58}.Debug|x64.ActiveCfg = Debug|x64
		{E614405B-FF57-46CD-B0EB-0F393E0A0D58}.Debug|x64.Build.0 = Debug|x64
		{E614405B-FF57-46CD-B0EB-0F393E0A0D58}.Debug|x64.Deploy.0 = Debug|x64
		{E614405B-FF57-46CD-B0EB-0F393E0A0D58}.Release|Any CPU.ActiveCfg = Release|x64
		{E614405B-FF57-46CD-B0EB-0F393E0A0D58}.Release|Any CPU.Build.0 = Release|x64
		{E614405B-FF57-46CD-B0EB-0F393E0A0D58}.Release|Any CPU.Deploy.0 = Release|x64
		{E614405B-FF57-46CD-B0EB-0F393E0A0D58}.Release|x64.ActiveCfg = Release|x64
		{E614405B-FF57-46CD-B0EB-0F393E0A0D58}.Release|x64.Build.0 = Release|x64
		{E614405B-FF57-46CD-B0EB-0F393E0A0D58}.Release|x64.Deploy.0 = Release|x64
		{FB2C6E17-564D-43B1-945B-0F3BFEDFBE46}.Debug|Any CPU.ActiveCfg = Debug|Any CPU
		{FB2C6E17-564D-43B1-945B-0F3BFEDFBE46}.Debug|Any CPU.Build.0 = Debug|Any CPU
		{FB2C6E17-564D-43B1-945B-0F3BFEDFBE46}.Debug|x64.ActiveCfg = Debug|Any CPU
		{FB2C6E17-564D-43B1-945B-0F3BFEDFBE46}.Debug|x64.Build.0 = Debug|Any CPU
		{FB2C6E17-564D-43B1-945B-0F3BFEDFBE46}.Release|Any CPU.ActiveCfg = Release|Any CPU
		{FB2C6E17-564D-43B1-945B-0F3BFEDFBE46}.Release|Any CPU.Build.0 = Release|Any CPU
		{FB2C6E17-564D-43B1-945B-0F3BFEDFBE46}.Release|x64.ActiveCfg = Release|Any CPU
		{FB2C6E17-564D-43B1-945B-0F3BFEDFBE46}.Release|x64.Build.0 = Release|Any CPU
	EndGlobalSection
	GlobalSection(SolutionProperties) = preSolution
		HideSolutionNode = FALSE
	EndGlobalSection
	GlobalSection(ExtensibilityGlobals) = postSolution
		SolutionGuid = {1B4EE7CD-6489-4BAF-B514-B2DA52A61DFC}
	EndGlobalSection
EndGlobal
